{
  "name": "01",
  "version": "1.0.0",
  "lockfileVersion": 2,
  "requires": true,
  "packages": {
    "": {
      "name": "01",
      "version": "1.0.0",
      "license": "ISC",
      "dependencies": {
        "linq": "^3.2.4"
      },
      "devDependencies": {
        "@types/node": "^18.11.10",
        "typescript": "^4.9.3"
      }
    },
    "node_modules/@types/node": {
      "version": "18.11.10",
      "resolved": "https://registry.npmjs.org/@types/node/-/node-18.11.10.tgz",
      "integrity": "sha512-juG3RWMBOqcOuXC643OAdSA525V44cVgGV6dUDuiFtss+8Fk5x1hI93Rsld43VeJVIeqlP9I7Fn9/qaVqoEAuQ==",
      "dev": true
    },
    "node_modules/linq": {
      "version": "3.2.4",
      "resolved": "https://registry.npmjs.org/linq/-/linq-3.2.4.tgz",
      "integrity": "sha512-WIgtcH1EHHTXI/Qt/V3JH8D8j46ZiMJu1fynCzhAXtPYDAtV208BRmzpE2EhDq8KhoBAMVRL7KPH1khvHFstlw==",
      "engines": {
        "node": "*"
      }
    },
    "node_modules/typescript": {
      "version": "4.9.3",
      "resolved": "https://registry.npmjs.org/typescript/-/typescript-4.9.3.tgz",
      "integrity": "sha512-CIfGzTelbKNEnLpLdGFgdyKhG23CKdKgQPOBc+OUNrkJ2vr+KSzsSV5kq5iWhEQbok+quxgGzrAtGWCyU7tHnA==",
      "dev": true,
      "bin": {
        "tsc": "bin/tsc",
        "tsserver": "bin/tsserver"
      },
      "engines": {
        "node": ">=4.2.0"
      }
    }
  },
  "dependencies": {
    "@types/node": {
      "version": "18.11.10",
      "resolved": "https://registry.npmjs.org/@types/node/-/node-18.11.10.tgz",
      "integrity": "sha512-juG3RWMBOqcOuXC643OAdSA525V44cVgGV6dUDuiFtss+8Fk5x1hI93Rsld43VeJVIeqlP9I7Fn9/qaVqoEAuQ==",
      "dev": true
    },
    "linq": {
      "version": "3.2.4",
      "resolved": "https://registry.npmjs.org/linq/-/linq-3.2.4.tgz",
      "integrity": "sha512-WIgtcH1EHHTXI/Qt/V3JH8D8j46ZiMJu1fynCzhAXtPYDAtV208BRmzpE2EhDq8KhoBAMVRL7KPH1khvHFstlw=="
    },
    "typescript": {
      "version": "4.9.3",
      "resolved": "https://registry.npmjs.org/typescript/-/typescript-4.9.3.tgz",
      "integrity": "sha512-CIfGzTelbKNEnLpLdGFgdyKhG23CKdKgQPOBc+OUNrkJ2vr+KSzsSV5kq5iWhEQbok+quxgGzrAtGWCyU7tHnA==",
      "dev": true
    }
  }
}
